
Microsoft Visual Studio Solution File, Format Version 12.00
# Visual Studio Version 16
VisualStudioVersion = 16.0.30907.101
MinimumVisualStudioVersion = 10.0.40219.1
Project("{9A19103F-16F7-4668-BE54-9A1E7A4F7556}") = "AndreyCurrencyBL", "AndreyCurrencyBL\AndreyCurrencyBL.csproj", "{6C1A7C55-64B5-458C-A1CE-080298E2BB02}"
EndProject
Project("{9A19103F-16F7-4668-BE54-9A1E7A4F7556}") = "AndreyYahooService", "AndreyYahooService\AndreyYahooService.csproj", "{78311464-49DF-44F5-89C0-3AB0C203EA3F}"
EndProject
Project("{9A19103F-16F7-4668-BE54-9A1E7A4F7556}") = "AndreyCurrenclyShared", "AndreyCurrenclyShared\AndreyCurrenclyShared.csproj", "{6B7F1A74-D1F9-4ACB-A5BE-A991A2C05097}"
EndProject
Global
	GlobalSection(SolutionConfigurationPlatforms) = preSolution
		Debug|Any CPU = Debug|Any CPU
		Release|Any CPU = Release|Any CPU
	EndGlobalSection
	GlobalSection(ProjectConfigurationPlatforms) = postSolution
		{6C1A7C55-64B5-458C-A1CE-080298E2BB02}.Debug|Any CPU.ActiveCfg = Debug|Any CPU
		{6C1A7C55-64B5-458C-A1CE-080298E2BB02}.Debug|Any CPU.Build.0 = Debug|Any CPU
		{6C1A7C55-64B5-458C-A1CE-080298E2BB02}.Release|Any CPU.ActiveCfg = Release|Any CPU
		{6C1A7C55-64B5-458C-A1CE-080298E2BB02}.Release|Any CPU.Build.0 = Release|Any CPU
		{78311464-49DF-44F5-89C0-3AB0C203EA3F}.Debug|Any CPU.ActiveCfg = Debug|Any CPU
		{78311464-49DF-44F5-89C0-3AB0C203EA3F}.Debug|Any CPU.Build.0 = Debug|Any CPU
		{78311464-49DF-44F5-89C0-3AB0C203EA3F}.Release|Any CPU.ActiveCfg = Release|Any CPU
		{78311464-49DF-44F5-89C0-3AB0C203EA3F}.Release|Any CPU.Build.0 = Release|Any CPU
		{6B7F1A74-D1F9-4ACB-A5BE-A991A2C05097}.Debug|Any CPU.ActiveCfg = Debug|Any CPU
		{6B7F1A74-D1F9-4ACB-A5BE-A991A2C05097}.Debug|Any CPU.Build.0 = Debug|Any CPU
		{6B7F1A74-D1F9-4ACB-A5BE-A991A2C05097}.Release|Any CPU.ActiveCfg = Release|Any CPU
		{6B7F1A74-D1F9-4ACB-A5BE-A991A2C05097}.Release|Any CPU.Build.0 = Release|Any CPU
	EndGlobalSection
	GlobalSection(SolutionProperties) = preSolution
		HideSolutionNode = FALSE
	EndGlobalSection
	GlobalSection(ExtensibilityGlobals) = postSolution
		SolutionGuid = {02620BB9-C311-48FA-8BEE-CA40B2E7FF75}
	EndGlobalSection
EndGlobal
