
Microsoft Visual Studio Solution File, Format Version 12.00
# Visual Studio Version 16
VisualStudioVersion = 16.0.30907.101
MinimumVisualStudioVersion = 10.0.40219.1
Project("{9A19103F-16F7-4668-BE54-9A1E7A4F7556}") = "AndreyYahooService", "AndreyYahooService.csproj", "{83069FB4-19D0-44A1-8699-B1F24E32D0BF}"
EndProject
Project("{9A19103F-16F7-4668-BE54-9A1E7A4F7556}") = "AndreyCurrenclyShared", "..\AndreyCurrenclyShared\AndreyCurrenclyShared.csproj", "{DEFC0264-C5F7-4115-9935-2C5254E21A7B}"
EndProject
Global
	GlobalSection(SolutionConfigurationPlatforms) = preSolution
		Debug|Any CPU = Debug|Any CPU
		Release|Any CPU = Release|Any CPU
	EndGlobalSection
	GlobalSection(ProjectConfigurationPlatforms) = postSolution
		{83069FB4-19D0-44A1-8699-B1F24E32D0BF}.Debug|Any CPU.ActiveCfg = Debug|Any CPU
		{83069FB4-19D0-44A1-8699-B1F24E32D0BF}.Debug|Any CPU.Build.0 = Debug|Any CPU
		{83069FB4-19D0-44A1-8699-B1F24E32D0BF}.Release|Any CPU.ActiveCfg = Release|Any CPU
		{83069FB4-19D0-44A1-8699-B1F24E32D0BF}.Release|Any CPU.Build.0 = Release|Any CPU
		{DEFC0264-C5F7-4115-9935-2C5254E21A7B}.Debug|Any CPU.ActiveCfg = Debug|Any CPU
		{DEFC0264-C5F7-4115-9935-2C5254E21A7B}.Debug|Any CPU.Build.0 = Debug|Any CPU
		{DEFC0264-C5F7-4115-9935-2C5254E21A7B}.Release|Any CPU.ActiveCfg = Release|Any CPU
		{DEFC0264-C5F7-4115-9935-2C5254E21A7B}.Release|Any CPU.Build.0 = Release|Any CPU
	EndGlobalSection
	GlobalSection(SolutionProperties) = preSolution
		HideSolutionNode = FALSE
	EndGlobalSection
	GlobalSection(ExtensibilityGlobals) = postSolution
		SolutionGuid = {3D74FA6A-4EE4-4AB5-9EF7-F653BE83592B}
	EndGlobalSection
EndGlobal
